
Microsoft Visual Studio Solution File, Format Version 12.00
# Visual Studio 15
VisualStudioVersion = 15.0.27004.2006
MinimumVisualStudioVersion = 10.0.40219.1
Project("{FAE04EC0-301F-11D3-BF4B-00C04F79EFBC}") = "BuscaBidirecional.ConsoleApp", "BuscaBidirecional.ConsoleApp\BuscaBidirecional.ConsoleApp.csproj", "{FAC117F2-2CAF-4850-BE57-B430CAD69E6A}"
EndProject
Project("{FAE04EC0-301F-11D3-BF4B-00C04F79EFBC}") = "BuscaBidirecional.WebApp", "BuscaBidirecional.WebApp\BuscaBidirecional.WebApp.csproj", "{47DEE5B0-3FE9-4426-BE8E-6A791EC00292}"
EndProject
Project("{FAE04EC0-301F-11D3-BF4B-00C04F79EFBC}") = "BuscaBidirecional", "BuscaBidirecional\BuscaBidirecional.csproj", "{1A5064BF-DC38-4BB7-8E4C-764D93E337F0}"
EndProject
Global
	GlobalSection(SolutionConfigurationPlatforms) = preSolution
		Debug|Any CPU = Debug|Any CPU
		Release|Any CPU = Release|Any CPU
	EndGlobalSection
	GlobalSection(ProjectConfigurationPlatforms) = postSolution
		{FAC117F2-2CAF-4850-BE57-B430CAD69E6A}.Debug|Any CPU.ActiveCfg = Debug|Any CPU
		{FAC117F2-2CAF-4850-BE57-B430CAD69E6A}.Debug|Any CPU.Build.0 = Debug|Any CPU
		{FAC117F2-2CAF-4850-BE57-B430CAD69E6A}.Release|Any CPU.ActiveCfg = Release|Any CPU
		{FAC117F2-2CAF-4850-BE57-B430CAD69E6A}.Release|Any CPU.Build.0 = Release|Any CPU
		{47DEE5B0-3FE9-4426-BE8E-6A791EC00292}.Debug|Any CPU.ActiveCfg = Debug|Any CPU
		{47DEE5B0-3FE9-4426-BE8E-6A791EC00292}.Debug|Any CPU.Build.0 = Debug|Any CPU
		{47DEE5B0-3FE9-4426-BE8E-6A791EC00292}.Release|Any CPU.ActiveCfg = Release|Any CPU
		{47DEE5B0-3FE9-4426-BE8E-6A791EC00292}.Release|Any CPU.Build.0 = Release|Any CPU
		{1A5064BF-DC38-4BB7-8E4C-764D93E337F0}.Debug|Any CPU.ActiveCfg = Debug|Any CPU
		{1A5064BF-DC38-4BB7-8E4C-764D93E337F0}.Debug|Any CPU.Build.0 = Debug|Any CPU
		{1A5064BF-DC38-4BB7-8E4C-764D93E337F0}.Release|Any CPU.ActiveCfg = Release|Any CPU
		{1A5064BF-DC38-4BB7-8E4C-764D93E337F0}.Release|Any CPU.Build.0 = Release|Any CPU
	EndGlobalSection
	GlobalSection(SolutionProperties) = preSolution
		HideSolutionNode = FALSE
	EndGlobalSection
	GlobalSection(ExtensibilityGlobals) = postSolution
		SolutionGuid = {6626B75F-C0E8-44F1-84E0-C6494B3F3303}
	EndGlobalSection
EndGlobal
